
Microsoft Visual Studio Solution File, Format Version 12.00
# Visual Studio Version 16
VisualStudioVersion = 16.0.31019.35
MinimumVisualStudioVersion = 10.0.40219.1
Project("{8BC9CEB8-8B4A-11D0-8D11-00A0C91BC942}") = "ConsoleApplication17", "ConsoleApplication17\ConsoleApplication17.vcxproj", "{8D2883E3-D5E0-4562-80CE-824DBBE3ECBD}"
EndProject
Global
	GlobalSection(SolutionConfigurationPlatforms) = preSolution
		Debug|x64 = Debug|x64
		Debug|x86 = Debug|x86
		Release|x64 = Release|x64
		Release|x86 = Release|x86
	EndGlobalSection
	GlobalSection(ProjectConfigurationPlatforms) = postSolution
		{8D2883E3-D5E0-4562-80CE-824DBBE3ECBD}.Debug|x64.ActiveCfg = Debug|x64
		{8D2883E3-D5E0-4562-80CE-824DBBE3ECBD}.Debug|x64.Build.0 = Debug|x64
		{8D2883E3-D5E0-4562-80CE-824DBBE3ECBD}.Debug|x86.ActiveCfg = Debug|Win32
		{8D2883E3-D5E0-4562-80CE-824DBBE3ECBD}.Debug|x86.Build.0 = Debug|Win32
		{8D2883E3-D5E0-4562-80CE-824DBBE3ECBD}.Release|x64.ActiveCfg = Release|x64
		{8D2883E3-D5E0-4562-80CE-824DBBE3ECBD}.Release|x64.Build.0 = Release|x64
		{8D2883E3-D5E0-4562-80CE-824DBBE3ECBD}.Release|x86.ActiveCfg = Release|Win32
		{8D2883E3-D5E0-4562-80CE-824DBBE3ECBD}.Release|x86.Build.0 = Release|Win32
	EndGlobalSection
	GlobalSection(SolutionProperties) = preSolution
		HideSolutionNode = FALSE
	EndGlobalSection
	GlobalSection(ExtensibilityGlobals) = postSolution
		SolutionGuid = {AB1B9E45-0847-47D3-A41C-F4E7274D2980}
	EndGlobalSection
EndGlobal
